// !$*UTF8*$!
{
	archiveVersion = 1;
	classes = {
	};
	objectVersion = 50;
	objects = {

/* Begin PBXBuildFile section */
		DF4E95D529DB8C0A0034C7A7 /* TextLimiter.swift in Sources */ = {isa = PBXBuildFile; fileRef = DF4E95D429DB8C0A0034C7A7 /* TextLimiter.swift */; };
		DF598D9029D2BCC90028E5BE /* ViewModel.swift in Sources */ = {isa = PBXBuildFile; fileRef = DF598D8F29D2BCC90028E5BE /* ViewModel.swift */; };
		DF5DBBB129D16C6300B37585 /* ContentView.swift in Sources */ = {isa = PBXBuildFile; fileRef = DF5DBBAB29D16C6300B37585 /* ContentView.swift */; };
		DF5DBBB229D16C6300B37585 /* TarefaModels.swift in Sources */ = {isa = PBXBuildFile; fileRef = DF5DBBAD29D16C6300B37585 /* TarefaModels.swift */; };
		DF678AFE29E49EC400FC38C2 /* File.swift in Sources */ = {isa = PBXBuildFile; fileRef = DF678AFD29E49EC400FC38C2 /* File.swift */; };
		DF6F323729CEB64500E06F7B /* home_office_shift_controlApp.swift in Sources */ = {isa = PBXBuildFile; fileRef = DF6F323629CEB64500E06F7B /* home_office_shift_controlApp.swift */; };
		DF6F323B29CEB64700E06F7B /* Assets.xcassets in Resources */ = {isa = PBXBuildFile; fileRef = DF6F323A29CEB64700E06F7B /* Assets.xcassets */; };
		DF6F323E29CEB64700E06F7B /* Preview Assets.xcassets in Resources */ = {isa = PBXBuildFile; fileRef = DF6F323D29CEB64700E06F7B /* Preview Assets.xcassets */; };
		DF70FC9A2A330C450090BB67 /* Texte.swift in Sources */ = {isa = PBXBuildFile; fileRef = DF70FC992A330C450090BB67 /* Texte.swift */; };
		DF79981529D5756A00AFDC8B /* NewPostView.swift in Sources */ = {isa = PBXBuildFile; fileRef = DF79981429D5756A00AFDC8B /* NewPostView.swift */; };
		DF79981729D5825200AFDC8B /* DetailView.swift in Sources */ = {isa = PBXBuildFile; fileRef = DF79981629D5825200AFDC8B /* DetailView.swift */; };
		DF805D6F29DA925C00D5DF65 /* DateFormat.swift in Sources */ = {isa = PBXBuildFile; fileRef = DF805D6E29DA925C00D5DF65 /* DateFormat.swift */; };
/* End PBXBuildFile section */

/* Begin PBXFileReference section */
		DF4E95D429DB8C0A0034C7A7 /* TextLimiter.swift */ = {isa = PBXFileReference; lastKnownFileType = sourcecode.swift; path = TextLimiter.swift; sourceTree = "<group>"; };
		DF598D8F29D2BCC90028E5BE /* ViewModel.swift */ = {isa = PBXFileReference; lastKnownFileType = sourcecode.swift; path = ViewModel.swift; sourceTree = "<group>"; };
		DF5DBBAB29D16C6300B37585 /* ContentView.swift */ = {isa = PBXFileReference; fileEncoding = 4; lastKnownFileType = sourcecode.swift; path = ContentView.swift; sourceTree = "<group>"; };
		DF5DBBAD29D16C6300B37585 /* TarefaModels.swift */ = {isa = PBXFileReference; fileEncoding = 4; lastKnownFileType = sourcecode.swift; path = TarefaModels.swift; sourceTree = "<group>"; };
		DF678AFD29E49EC400FC38C2 /* File.swift */ = {isa = PBXFileReference; lastKnownFileType = sourcecode.swift; path = File.swift; sourceTree = "<group>"; };
		DF6F323329CEB64500E06F7B /* home-office-shift-control.app */ = {isa = PBXFileReference; explicitFileType = wrapper.application; includeInIndex = 0; path = "home-office-shift-control.app"; sourceTree = BUILT_PRODUCTS_DIR; };
		DF6F323629CEB64500E06F7B /* home_office_shift_controlApp.swift */ = {isa = PBXFileReference; lastKnownFileType = sourcecode.swift; path = home_office_shift_controlApp.swift; sourceTree = "<group>"; };
		DF6F323A29CEB64700E06F7B /* Assets.xcassets */ = {isa = PBXFileReference; lastKnownFileType = folder.assetcatalog; path = Assets.xcassets; sourceTree = "<group>"; };
		DF6F323D29CEB64700E06F7B /* Preview Assets.xcassets */ = {isa = PBXFileReference; lastKnownFileType = folder.assetcatalog; path = "Preview Assets.xcassets"; sourceTree = "<group>"; };
		DF6F323F29CEB64700E06F7B /* Info.plist */ = {isa = PBXFileReference; lastKnownFileType = text.plist.xml; path = Info.plist; sourceTree = "<group>"; };
		DF70FC992A330C450090BB67 /* Texte.swift */ = {isa = PBXFileReference; lastKnownFileType = sourcecode.swift; path = Texte.swift; sourceTree = "<group>"; };
		DF79981429D5756A00AFDC8B /* NewPostView.swift */ = {isa = PBXFileReference; lastKnownFileType = sourcecode.swift; path = NewPostView.swift; sourceTree = "<group>"; };
		DF79981629D5825200AFDC8B /* DetailView.swift */ = {isa = PBXFileReference; lastKnownFileType = sourcecode.swift; path = DetailView.swift; sourceTree = "<group>"; };
		DF805D6E29DA925C00D5DF65 /* DateFormat.swift */ = {isa = PBXFileReference; lastKnownFileType = sourcecode.swift; path = DateFormat.swift; sourceTree = "<group>"; };
/* End PBXFileReference section */

/* Begin PBXFrameworksBuildPhase section */
		DF6F323029CEB64500E06F7B /* Frameworks */ = {
			isa = PBXFrameworksBuildPhase;
			buildActionMask = 2147483647;
			files = (
			);
			runOnlyForDeploymentPostprocessing = 0;
		};
/* End PBXFrameworksBuildPhase section */

/* Begin PBXGroup section */
		DF5DBBA929D16C6300B37585 /* view */ = {
			isa = PBXGroup;
			children = (
				DF5DBBAB29D16C6300B37585 /* ContentView.swift */,
				DF79981429D5756A00AFDC8B /* NewPostView.swift */,
				DF79981629D5825200AFDC8B /* DetailView.swift */,
				DF70FC992A330C450090BB67 /* Texte.swift */,
			);
			path = view;
			sourceTree = "<group>";
		};
		DF5DBBAC29D16C6300B37585 /* model */ = {
			isa = PBXGroup;
			children = (
				DF5DBBAD29D16C6300B37585 /* TarefaModels.swift */,
			);
			path = model;
			sourceTree = "<group>";
		};
		DF5DBBAE29D16C6300B37585 /* ViewModel */ = {
			isa = PBXGroup;
			children = (
				DF598D8F29D2BCC90028E5BE /* ViewModel.swift */,
			);
			path = ViewModel;
			sourceTree = "<group>";
		};
		DF6F322A29CEB64500E06F7B = {
			isa = PBXGroup;
			children = (
				DF6F323529CEB64500E06F7B /* home-office-shift-control */,
				DF6F323429CEB64500E06F7B /* Products */,
			);
			sourceTree = "<group>";
		};
		DF6F323429CEB64500E06F7B /* Products */ = {
			isa = PBXGroup;
			children = (
				DF6F323329CEB64500E06F7B /* home-office-shift-control.app */,
			);
			name = Products;
			sourceTree = "<group>";
		};
		DF6F323529CEB64500E06F7B /* home-office-shift-control */ = {
			isa = PBXGroup;
			children = (
				DF678AFD29E49EC400FC38C2 /* File.swift */,
				DF805D6E29DA925C00D5DF65 /* DateFormat.swift */,
				DF4E95D429DB8C0A0034C7A7 /* TextLimiter.swift */,
				DF5DBBAC29D16C6300B37585 /* model */,
				DF5DBBA929D16C6300B37585 /* view */,
				DF5DBBAE29D16C6300B37585 /* ViewModel */,
				DF6F323629CEB64500E06F7B /* home_office_shift_controlApp.swift */,
				DF6F323A29CEB64700E06F7B /* Assets.xcassets */,
				DF6F323F29CEB64700E06F7B /* Info.plist */,
				DF6F323C29CEB64700E06F7B /* Preview Content */,
			);
			path = "home-office-shift-control";
			sourceTree = "<group>";
		};
		DF6F323C29CEB64700E06F7B /* Preview Content */ = {
			isa = PBXGroup;
			children = (
				DF6F323D29CEB64700E06F7B /* Preview Assets.xcassets */,
			);
			path = "Preview Content";
			sourceTree = "<group>";
		};
/* End PBXGroup section */

/* Begin PBXNativeTarget section */
		DF6F323229CEB64500E06F7B /* home-office-shift-control */ = {
			isa = PBXNativeTarget;
			buildConfigurationList = DF6F324229CEB64700E06F7B /* Build configuration list for PBXNativeTarget "home-office-shift-control" */;
			buildPhases = (
				DF6F322F29CEB64500E06F7B /* Sources */,
				DF6F323029CEB64500E06F7B /* Frameworks */,
				DF6F323129CEB64500E06F7B /* Resources */,
			);
			buildRules = (
			);
			dependencies = (
			);
			name = "home-office-shift-control";
			productName = "home-office-shift-control";
			productReference = DF6F323329CEB64500E06F7B /* home-office-shift-control.app */;
			productType = "com.apple.product-type.application";
		};
/* End PBXNativeTarget section */

/* Begin PBXProject section */
		DF6F322B29CEB64500E06F7B /* Project object */ = {
			isa = PBXProject;
			attributes = {
				LastSwiftUpdateCheck = 1250;
				LastUpgradeCheck = 1250;
				TargetAttributes = {
					DF6F323229CEB64500E06F7B = {
						CreatedOnToolsVersion = 12.5.1;
					};
				};
			};
			buildConfigurationList = DF6F322E29CEB64500E06F7B /* Build configuration list for PBXProject "home-office-shift-control" */;
			compatibilityVersion = "Xcode 9.3";
			developmentRegion = en;
			hasScannedForEncodings = 0;
			knownRegions = (
				en,
				Base,
			);
			mainGroup = DF6F322A29CEB64500E06F7B;
			productRefGroup = DF6F323429CEB64500E06F7B /* Products */;
			projectDirPath = "";
			projectRoot = "";
			targets = (
				DF6F323229CEB64500E06F7B /* home-office-shift-control */,
			);
		};
/* End PBXProject section */

/* Begin PBXResourcesBuildPhase section */
		DF6F323129CEB64500E06F7B /* Resources */ = {
			isa = PBXResourcesBuildPhase;
			buildActionMask = 2147483647;
			files = (
				DF6F323E29CEB64700E06F7B /* Preview Assets.xcassets in Resources */,
				DF6F323B29CEB64700E06F7B /* Assets.xcassets in Resources */,
			);
			runOnlyForDeploymentPostprocessing = 0;
		};
/* End PBXResourcesBuildPhase section */

/* Begin PBXSourcesBuildPhase section */
		DF6F322F29CEB64500E06F7B /* Sources */ = {
			isa = PBXSourcesBuildPhase;
			buildActionMask = 2147483647;
			files = (
				DF5DBBB229D16C6300B37585 /* TarefaModels.swift in Sources */,
				DF79981729D5825200AFDC8B /* DetailView.swift in Sources */,
				DF79981529D5756A00AFDC8B /* NewPostView.swift in Sources */,
				DF805D6F29DA925C00D5DF65 /* DateFormat.swift in Sources */,
				DF70FC9A2A330C450090BB67 /* Texte.swift in Sources */,
				DF5DBBB129D16C6300B37585 /* ContentView.swift in Sources */,
				DF6F323729CEB64500E06F7B /* home_office_shift_controlApp.swift in Sources */,
				DF598D9029D2BCC90028E5BE /* ViewModel.swift in Sources */,
				DF678AFE29E49EC400FC38C2 /* File.swift in Sources */,
				DF4E95D529DB8C0A0034C7A7 /* TextLimiter.swift in Sources */,
			);
			runOnlyForDeploymentPostprocessing = 0;
		};
/* End PBXSourcesBuildPhase section */

/* Begin XCBuildConfiguration section */
		DF6F324029CEB64700E06F7B /* Debug */ = {
			isa = XCBuildConfiguration;
			buildSettings = {
				ALWAYS_SEARCH_USER_PATHS = NO;
				CLANG_ANALYZER_NONNULL = YES;
				CLANG_ANALYZER_NUMBER_OBJECT_CONVERSION = YES_AGGRESSIVE;
				CLANG_CXX_LANGUAGE_STANDARD = "gnu++14";
				CLANG_CXX_LIBRARY = "libc++";
				CLANG_ENABLE_MODULES = YES;
				CLANG_ENABLE_OBJC_ARC = YES;
				CLANG_ENABLE_OBJC_WEAK = YES;
				CLANG_WARN_BLOCK_CAPTURE_AUTORELEASING = YES;
				CLANG_WARN_BOOL_CONVERSION = YES;
				CLANG_WARN_COMMA = YES;
				CLANG_WARN_CONSTANT_CONVERSION = YES;
				CLANG_WARN_DEPRECATED_OBJC_IMPLEMENTATIONS = YES;
				CLANG_WARN_DIRECT_OBJC_ISA_USAGE = YES_ERROR;
				CLANG_WARN_DOCUMENTATION_COMMENTS = YES;
				CLANG_WARN_EMPTY_BODY = YES;
				CLANG_WARN_ENUM_CONVERSION = YES;
				CLANG_WARN_INFINITE_RECURSION = YES;
				CLANG_WARN_INT_CONVERSION = YES;
				CLANG_WARN_NON_LITERAL_NULL_CONVERSION = YES;
				CLANG_WARN_OBJC_IMPLICIT_RETAIN_SELF = YES;
				CLANG_WARN_OBJC_LITERAL_CONVERSION = YES;
				CLANG_WARN_OBJC_ROOT_CLASS = YES_ERROR;
				CLANG_WARN_QUOTED_INCLUDE_IN_FRAMEWORK_HEADER = YES;
				CLANG_WARN_RANGE_LOOP_ANALYSIS = YES;
				CLANG_WARN_STRICT_PROTOTYPES = YES;
				CLANG_WARN_SUSPICIOUS_MOVE = YES;
				CLANG_WARN_UNGUARDED_AVAILABILITY = YES_AGGRESSIVE;
				CLANG_WARN_UNREACHABLE_CODE = YES;
				CLANG_WARN__DUPLICATE_METHOD_MATCH = YES;
				COPY_PHASE_STRIP = NO;
				DEBUG_INFORMATION_FORMAT = dwarf;
				ENABLE_STRICT_OBJC_MSGSEND = YES;
				ENABLE_TESTABILITY = YES;
				GCC_C_LANGUAGE_STANDARD = gnu11;
				GCC_DYNAMIC_NO_PIC = NO;
				GCC_NO_COMMON_BLOCKS = YES;
				GCC_OPTIMIZATION_LEVEL = 0;
				GCC_PREPROCESSOR_DEFINITIONS = (
					"DEBUG=1",
					"$(inherited)",
				);
				GCC_WARN_64_TO_32_BIT_CONVERSION = YES;
				GCC_WARN_ABOUT_RETURN_TYPE = YES_ERROR;
				GCC_WARN_UNDECLARED_SELECTOR = YES;
				GCC_WARN_UNINITIALIZED_AUTOS = YES_AGGRESSIVE;
				GCC_WARN_UNUSED_FUNCTION = YES;
				GCC_WARN_UNUSED_VARIABLE = YES;
				IPHONEOS_DEPLOYMENT_TARGET = 14.5;
				MTL_ENABLE_DEBUG_INFO = INCLUDE_SOURCE;
				MTL_FAST_MATH = YES;
				ONLY_ACTIVE_ARCH = YES;
				SDKROOT = iphoneos;
				SWIFT_ACTIVE_COMPILATION_CONDITIONS = DEBUG;
				SWIFT_OPTIMIZATION_LEVEL = "-Onone";
			};
			name = Debug;
		};
		DF6F324129CEB64700E06F7B /* Release */ = {
			isa = XCBuildConfiguration;
			buildSettings = {
				ALWAYS_SEARCH_USER_PATHS = NO;
				CLANG_ANALYZER_NONNULL = YES;
				CLANG_ANALYZER_NUMBER_OBJECT_CONVERSION = YES_AGGRESSIVE;
				CLANG_CXX_LANGUAGE_STANDARD = "gnu++14";
				CLANG_CXX_LIBRARY = "libc++";
				CLANG_ENABLE_MODULES = YES;
				CLANG_ENABLE_OBJC_ARC = YES;
				CLANG_ENABLE_OBJC_WEAK = YES;
				CLANG_WARN_BLOCK_CAPTURE_AUTORELEASING = YES;
				CLANG_WARN_BOOL_CONVERSION = YES;
				CLANG_WARN_COMMA = YES;
				CLANG_WARN_CONSTANT_CONVERSION = YES;
				CLANG_WARN_DEPRECATED_OBJC_IMPLEMENTATIONS = YES;
				CLANG_WARN_DIRECT_OBJC_ISA_USAGE = YES_ERROR;
				CLANG_WARN_DOCUMENTATION_COMMENTS = YES;
				CLANG_WARN_EMPTY_BODY = YES;
				CLANG_WARN_ENUM_CONVERSION = YES;
				CLANG_WARN_INFINITE_RECURSION = YES;
				CLANG_WARN_INT_CONVERSION = YES;
				CLANG_WARN_NON_LITERAL_NULL_CONVERSION = YES;
				CLANG_WARN_OBJC_IMPLICIT_RETAIN_SELF = YES;
				CLANG_WARN_OBJC_LITERAL_CONVERSION = YES;
				CLANG_WARN_OBJC_ROOT_CLASS = YES_ERROR;
				CLANG_WARN_QUOTED_INCLUDE_IN_FRAMEWORK_HEADER = YES;
				CLANG_WARN_RANGE_LOOP_ANALYSIS = YES;
				CLANG_WARN_STRICT_PROTOTYPES = YES;
				CLANG_WARN_SUSPICIOUS_MOVE = YES;
				CLANG_WARN_UNGUARDED_AVAILABILITY = YES_AGGRESSIVE;
				CLANG_WARN_UNREACHABLE_CODE = YES;
				CLANG_WARN__DUPLICATE_METHOD_MATCH = YES;
				COPY_PHASE_STRIP = NO;
				DEBUG_INFORMATION_FORMAT = "dwarf-with-dsym";
				ENABLE_NS_ASSERTIONS = NO;
				ENABLE_STRICT_OBJC_MSGSEND = YES;
				GCC_C_LANGUAGE_STANDARD = gnu11;
				GCC_NO_COMMON_BLOCKS = YES;
				GCC_WARN_64_TO_32_BIT_CONVERSION = YES;
				GCC_WARN_ABOUT_RETURN_TYPE = YES_ERROR;
				GCC_WARN_UNDECLARED_SELECTOR = YES;
				GCC_WARN_UNINITIALIZED_AUTOS = YES_AGGRESSIVE;
				GCC_WARN_UNUSED_FUNCTION = YES;
				GCC_WARN_UNUSED_VARIABLE = YES;
				IPHONEOS_DEPLOYMENT_TARGET = 14.5;
				MTL_ENABLE_DEBUG_INFO = NO;
				MTL_FAST_MATH = YES;
				SDKROOT = iphoneos;
				SWIFT_COMPILATION_MODE = wholemodule;
				SWIFT_OPTIMIZATION_LEVEL = "-O";
				VALIDATE_PRODUCT = YES;
			};
			name = Release;
		};
		DF6F324329CEB64700E06F7B /* Debug */ = {
			isa = XCBuildConfiguration;
			buildSettings = {
				ASSETCATALOG_COMPILER_APPICON_NAME = AppIcon;
				ASSETCATALOG_COMPILER_GLOBAL_ACCENT_COLOR_NAME = AccentColor;
				CODE_SIGN_STYLE = Automatic;
				DEVELOPMENT_ASSET_PATHS = "\"home-office-shift-control/Preview Content\"";
				ENABLE_PREVIEWS = YES;
				INFOPLIST_FILE = "home-office-shift-control/Info.plist";
				IPHONEOS_DEPLOYMENT_TARGET = 14.0;
				LD_RUNPATH_SEARCH_PATHS = (
					"$(inherited)",
					"@executable_path/Frameworks",
				);
				PRODUCT_BUNDLE_IDENTIFIER = "cassio.home-office-shift-control";
				PRODUCT_NAME = "$(TARGET_NAME)";
				SWIFT_VERSION = 5.0;
				TARGETED_DEVICE_FAMILY = "1,2";
			};
			name = Debug;
		};
		DF6F324429CEB64700E06F7B /* Release */ = {
			isa = XCBuildConfiguration;
			buildSettings = {
				ASSETCATALOG_COMPILER_APPICON_NAME = AppIcon;
				ASSETCATALOG_COMPILER_GLOBAL_ACCENT_COLOR_NAME = AccentColor;
				CODE_SIGN_STYLE = Automatic;
				DEVELOPMENT_ASSET_PATHS = "\"home-office-shift-control/Preview Content\"";
				ENABLE_PREVIEWS = YES;
				INFOPLIST_FILE = "home-office-shift-control/Info.plist";
				IPHONEOS_DEPLOYMENT_TARGET = 14.0;
				LD_RUNPATH_SEARCH_PATHS = (
					"$(inherited)",
					"@executable_path/Frameworks",
				);
				PRODUCT_BUNDLE_IDENTIFIER = "cassio.home-office-shift-control";
				PRODUCT_NAME = "$(TARGET_NAME)";
				SWIFT_VERSION = 5.0;
				TARGETED_DEVICE_FAMILY = "1,2";
			};
			name = Release;
		};
/* End XCBuildConfiguration section */

/* Begin XCConfigurationList section */
		DF6F322E29CEB64500E06F7B /* Build configuration list for PBXProject "home-office-shift-control" */ = {
			isa = XCConfigurationList;
			buildConfigurations = (
				DF6F324029CEB64700E06F7B /* Debug */,
				DF6F324129CEB64700E06F7B /* Release */,
			);
			defaultConfigurationIsVisible = 0;
			defaultConfigurationName = Release;
		};
		DF6F324229CEB64700E06F7B /* Build configuration list for PBXNativeTarget "home-office-shift-control" */ = {
			isa = XCConfigurationList;
			buildConfigurations = (
				DF6F324329CEB64700E06F7B /* Debug */,
				DF6F324429CEB64700E06F7B /* Release */,
			);
			defaultConfigurationIsVisible = 0;
			defaultConfigurationName = Release;
		};
/* End XCConfigurationList section */
	};
	rootObject = DF6F322B29CEB64500E06F7B /* Project object */;
}
